{
  "pins" : [
    {
      "identity" : "swiftui-introspect",
      "kind" : "remoteSourceControl",
      "location" : "https://github.com/siteline/SwiftUI-Introspect.git",
      "state" : {
        "revision" : "c2b0625d0ef385994e4c6bc36116c0e7bfa6dafa",
        "version" : "1.4.0-beta.2"
      }
    },
    {
      "identity" : "swiftui-renderlock",
      "kind" : "remoteSourceControl",
      "location" : "https://github.com/gh123man/SwiftUI-RenderLock",
      "state" : {
        "revision" : "11ca0d472dad0053cb8b29701ea3f108b9aa2304",
        "version" : "1.0.2"
      }
    }
  ],
  "version" : 2
}
