{
  "pins" : [
    {
      "identity" : "swiftui-introspect",
      "kind" : "remoteSourceControl",
      "location" : "https://github.com/siteline/SwiftUI-Introspect.git",
      "state" : {
        "revision" : "712db7f70540eb0d09d72a7a34c6fa6092c9a142",
        "version" : "26.0.0-rc.1"
      }
    },
    {
      "identity" : "swiftui-renderlock",
      "kind" : "remoteSourceControl",
      "location" : "https://github.com/gh123man/SwiftUI-RenderLock",
      "state" : {
        "revision" : "11ca0d472dad0053cb8b29701ea3f108b9aa2304",
        "version" : "1.0.2"
      }
    }
  ],
  "version" : 2
}
