{
  "object": {
    "pins": [
      {
        "package": "swiftui-introspect",
        "repositoryURL": "https://github.com/siteline/SwiftUI-Introspect.git",
        "state": {
          "branch": null,
          "revision": "1136c9a348329887844de9353107c787becc675b",
          "version": "0.11.0"
        }
      }
    ]
  },
  "version": 1
}
