{
  "pins" : [
    {
      "identity" : "swiftui-introspect",
      "kind" : "remoteSourceControl",
      "location" : "https://github.com/siteline/SwiftUI-Introspect.git",
      "state" : {
        "revision" : "3ced72fccb284235c266c1e8a32f1bf93129fc74",
        "version" : "1.1.0"
      }
    },
    {
      "identity" : "swiftui-renderlock",
      "kind" : "remoteSourceControl",
      "location" : "https://github.com/gh123man/SwiftUI-RenderLock",
      "state" : {
        "revision" : "11ca0d472dad0053cb8b29701ea3f108b9aa2304",
        "version" : "1.0.2"
      }
    }
  ],
  "version" : 2
}
